// !$*UTF8*$!
{
	archiveVersion = 1;
	classes = {
	};
	objectVersion = 50;
	objects = {

/* Begin PBXBuildFile section */
		7A131506208BB28400CA0477 /* TestEuler.cpp in Sources */ = {isa = PBXBuildFile; fileRef = 7A131505208BB28400CA0477 /* TestEuler.cpp */; };
/* End PBXBuildFile section */

/* Begin PBXCopyFilesBuildPhase section */
		7A1314F5208BB1E300CA0477 /* CopyFiles */ = {
			isa = PBXCopyFilesBuildPhase;
			buildActionMask = 2147483647;
			dstPath = /usr/share/man/man1/;
			dstSubfolderSpec = 0;
			files = (
			);
			runOnlyForDeploymentPostprocessing = 1;
		};
/* End PBXCopyFilesBuildPhase section */

/* Begin PBXFileReference section */
		7A1314F7208BB1E300CA0477 /* USU Walk Cleaning Problem */ = {isa = PBXFileReference; explicitFileType = "compiled.mach-o.executable"; includeInIndex = 0; path = "USU Walk Cleaning Problem"; sourceTree = BUILT_PRODUCTS_DIR; };
		7A131501208BB28300CA0477 /* prog7C.txt */ = {isa = PBXFileReference; fileEncoding = 4; lastKnownFileType = text; name = prog7C.txt; path = "USU Walk Cleaning Problem/prog7C.txt"; sourceTree = "<group>"; };
		7A131502208BB28300CA0477 /* edge1.h */ = {isa = PBXFileReference; fileEncoding = 4; lastKnownFileType = sourcecode.c.h; path = edge1.h; sourceTree = "<group>"; };
		7A131503208BB28400CA0477 /* prog7B.txt */ = {isa = PBXFileReference; fileEncoding = 4; lastKnownFileType = text; name = prog7B.txt; path = "USU Walk Cleaning Problem/prog7B.txt"; sourceTree = "<group>"; };
		7A131504208BB28400CA0477 /* prog7A.txt */ = {isa = PBXFileReference; fileEncoding = 4; lastKnownFileType = text; name = prog7A.txt; path = "USU Walk Cleaning Problem/prog7A.txt"; sourceTree = "<group>"; };
		7A131505208BB28400CA0477 /* TestEuler.cpp */ = {isa = PBXFileReference; fileEncoding = 4; lastKnownFileType = sourcecode.cpp.cpp; path = TestEuler.cpp; sourceTree = "<group>"; };
		7A131507208BBE2A00CA0477 /* graph.h */ = {isa = PBXFileReference; lastKnownFileType = sourcecode.c.h; path = graph.h; sourceTree = "<group>"; };
/* End PBXFileReference section */

/* Begin PBXFrameworksBuildPhase section */
		7A1314F4208BB1E300CA0477 /* Frameworks */ = {
			isa = PBXFrameworksBuildPhase;
			buildActionMask = 2147483647;
			files = (
			);
			runOnlyForDeploymentPostprocessing = 0;
		};
/* End PBXFrameworksBuildPhase section */

/* Begin PBXGroup section */
		7A1314EE208BB1E300CA0477 = {
			isa = PBXGroup;
			children = (
				7A131504208BB28400CA0477 /* prog7A.txt */,
				7A131503208BB28400CA0477 /* prog7B.txt */,
				7A131501208BB28300CA0477 /* prog7C.txt */,
				7A1314F9208BB1E300CA0477 /* USU Walk Cleaning Problem */,
				7A1314F8208BB1E300CA0477 /* Products */,
			);
			sourceTree = "<group>";
		};
		7A1314F8208BB1E300CA0477 /* Products */ = {
			isa = PBXGroup;
			children = (
				7A1314F7208BB1E300CA0477 /* USU Walk Cleaning Problem */,
			);
			name = Products;
			sourceTree = "<group>";
		};
		7A1314F9208BB1E300CA0477 /* USU Walk Cleaning Problem */ = {
			isa = PBXGroup;
			children = (
				7A131507208BBE2A00CA0477 /* graph.h */,
				7A131502208BB28300CA0477 /* edge1.h */,
				7A131505208BB28400CA0477 /* TestEuler.cpp */,
			);
			path = "USU Walk Cleaning Problem";
			sourceTree = "<group>";
		};
/* End PBXGroup section */

/* Begin PBXNativeTarget section */
		7A1314F6208BB1E300CA0477 /* USU Walk Cleaning Problem */ = {
			isa = PBXNativeTarget;
			buildConfigurationList = 7A1314FE208BB1E300CA0477 /* Build configuration list for PBXNativeTarget "USU Walk Cleaning Problem" */;
			buildPhases = (
				7A1314F3208BB1E300CA0477 /* Sources */,
				7A1314F4208BB1E300CA0477 /* Frameworks */,
				7A1314F5208BB1E300CA0477 /* CopyFiles */,
			);
			buildRules = (
			);
			dependencies = (
			);
			name = "USU Walk Cleaning Problem";
			productName = "USU Walk Cleaning Problem";
			productReference = 7A1314F7208BB1E300CA0477 /* USU Walk Cleaning Problem */;
			productType = "com.apple.product-type.tool";
		};
/* End PBXNativeTarget section */

/* Begin PBXProject section */
		7A1314EF208BB1E300CA0477 /* Project object */ = {
			isa = PBXProject;
			attributes = {
				LastUpgradeCheck = 0930;
				ORGANIZATIONNAME = "Kelsye Anderson";
				TargetAttributes = {
					7A1314F6208BB1E300CA0477 = {
						CreatedOnToolsVersion = 9.3;
					};
				};
			};
			buildConfigurationList = 7A1314F2208BB1E300CA0477 /* Build configuration list for PBXProject "USU Walk Cleaning Problem" */;
			compatibilityVersion = "Xcode 9.3";
			developmentRegion = en;
			hasScannedForEncodings = 0;
			knownRegions = (
				en,
			);
			mainGroup = 7A1314EE208BB1E300CA0477;
			productRefGroup = 7A1314F8208BB1E300CA0477 /* Products */;
			projectDirPath = "";
			projectRoot = "";
			targets = (
				7A1314F6208BB1E300CA0477 /* USU Walk Cleaning Problem */,
			);
		};
/* End PBXProject section */

/* Begin PBXSourcesBuildPhase section */
		7A1314F3208BB1E300CA0477 /* Sources */ = {
			isa = PBXSourcesBuildPhase;
			buildActionMask = 2147483647;
			files = (
				7A131506208BB28400CA0477 /* TestEuler.cpp in Sources */,
			);
			runOnlyForDeploymentPostprocessing = 0;
		};
/* End PBXSourcesBuildPhase section */

/* Begin XCBuildConfiguration section */
		7A1314FC208BB1E300CA0477 /* Debug */ = {
			isa = XCBuildConfiguration;
			buildSettings = {
				ALWAYS_SEARCH_USER_PATHS = NO;
				CLANG_ANALYZER_NONNULL = YES;
				CLANG_ANALYZER_NUMBER_OBJECT_CONVERSION = YES_AGGRESSIVE;
				CLANG_CXX_LANGUAGE_STANDARD = "gnu++14";
				CLANG_CXX_LIBRARY = "libc++";
				CLANG_ENABLE_MODULES = YES;
				CLANG_ENABLE_OBJC_ARC = YES;
				CLANG_ENABLE_OBJC_WEAK = YES;
				CLANG_WARN_BLOCK_CAPTURE_AUTORELEASING = YES;
				CLANG_WARN_BOOL_CONVERSION = YES;
				CLANG_WARN_COMMA = YES;
				CLANG_WARN_CONSTANT_CONVERSION = YES;
				CLANG_WARN_DEPRECATED_OBJC_IMPLEMENTATIONS = YES;
				CLANG_WARN_DIRECT_OBJC_ISA_USAGE = YES_ERROR;
				CLANG_WARN_DOCUMENTATION_COMMENTS = YES;
				CLANG_WARN_EMPTY_BODY = YES;
				CLANG_WARN_ENUM_CONVERSION = YES;
				CLANG_WARN_INFINITE_RECURSION = YES;
				CLANG_WARN_INT_CONVERSION = YES;
				CLANG_WARN_NON_LITERAL_NULL_CONVERSION = YES;
				CLANG_WARN_OBJC_IMPLICIT_RETAIN_SELF = YES;
				CLANG_WARN_OBJC_LITERAL_CONVERSION = YES;
				CLANG_WARN_OBJC_ROOT_CLASS = YES_ERROR;
				CLANG_WARN_RANGE_LOOP_ANALYSIS = YES;
				CLANG_WARN_STRICT_PROTOTYPES = YES;
				CLANG_WARN_SUSPICIOUS_MOVE = YES;
				CLANG_WARN_UNGUARDED_AVAILABILITY = YES_AGGRESSIVE;
				CLANG_WARN_UNREACHABLE_CODE = YES;
				CLANG_WARN__DUPLICATE_METHOD_MATCH = YES;
				CODE_SIGN_IDENTITY = "-";
				COPY_PHASE_STRIP = NO;
				DEBUG_INFORMATION_FORMAT = dwarf;
				ENABLE_STRICT_OBJC_MSGSEND = YES;
				ENABLE_TESTABILITY = YES;
				GCC_C_LANGUAGE_STANDARD = gnu11;
				GCC_DYNAMIC_NO_PIC = NO;
				GCC_NO_COMMON_BLOCKS = YES;
				GCC_OPTIMIZATION_LEVEL = 0;
				GCC_PREPROCESSOR_DEFINITIONS = (
					"DEBUG=1",
					"$(inherited)",
				);
				GCC_WARN_64_TO_32_BIT_CONVERSION = YES;
				GCC_WARN_ABOUT_RETURN_TYPE = YES_ERROR;
				GCC_WARN_UNDECLARED_SELECTOR = YES;
				GCC_WARN_UNINITIALIZED_AUTOS = YES_AGGRESSIVE;
				GCC_WARN_UNUSED_FUNCTION = YES;
				GCC_WARN_UNUSED_VARIABLE = YES;
				MACOSX_DEPLOYMENT_TARGET = 10.13;
				MTL_ENABLE_DEBUG_INFO = YES;
				ONLY_ACTIVE_ARCH = YES;
				SDKROOT = macosx;
			};
			name = Debug;
		};
		7A1314FD208BB1E300CA0477 /* Release */ = {
			isa = XCBuildConfiguration;
			buildSettings = {
				ALWAYS_SEARCH_USER_PATHS = NO;
				CLANG_ANALYZER_NONNULL = YES;
				CLANG_ANALYZER_NUMBER_OBJECT_CONVERSION = YES_AGGRESSIVE;
				CLANG_CXX_LANGUAGE_STANDARD = "gnu++14";
				CLANG_CXX_LIBRARY = "libc++";
				CLANG_ENABLE_MODULES = YES;
				CLANG_ENABLE_OBJC_ARC = YES;
				CLANG_ENABLE_OBJC_WEAK = YES;
				CLANG_WARN_BLOCK_CAPTURE_AUTORELEASING = YES;
				CLANG_WARN_BOOL_CONVERSION = YES;
				CLANG_WARN_COMMA = YES;
				CLANG_WARN_CONSTANT_CONVERSION = YES;
				CLANG_WARN_DEPRECATED_OBJC_IMPLEMENTATIONS = YES;
				CLANG_WARN_DIRECT_OBJC_ISA_USAGE = YES_ERROR;
				CLANG_WARN_DOCUMENTATION_COMMENTS = YES;
				CLANG_WARN_EMPTY_BODY = YES;
				CLANG_WARN_ENUM_CONVERSION = YES;
				CLANG_WARN_INFINITE_RECURSION = YES;
				CLANG_WARN_INT_CONVERSION = YES;
				CLANG_WARN_NON_LITERAL_NULL_CONVERSION = YES;
				CLANG_WARN_OBJC_IMPLICIT_RETAIN_SELF = YES;
				CLANG_WARN_OBJC_LITERAL_CONVERSION = YES;
				CLANG_WARN_OBJC_ROOT_CLASS = YES_ERROR;
				CLANG_WARN_RANGE_LOOP_ANALYSIS = YES;
				CLANG_WARN_STRICT_PROTOTYPES = YES;
				CLANG_WARN_SUSPICIOUS_MOVE = YES;
				CLANG_WARN_UNGUARDED_AVAILABILITY = YES_AGGRESSIVE;
				CLANG_WARN_UNREACHABLE_CODE = YES;
				CLANG_WARN__DUPLICATE_METHOD_MATCH = YES;
				CODE_SIGN_IDENTITY = "-";
				COPY_PHASE_STRIP = NO;
				DEBUG_INFORMATION_FORMAT = "dwarf-with-dsym";
				ENABLE_NS_ASSERTIONS = NO;
				ENABLE_STRICT_OBJC_MSGSEND = YES;
				GCC_C_LANGUAGE_STANDARD = gnu11;
				GCC_NO_COMMON_BLOCKS = YES;
				GCC_WARN_64_TO_32_BIT_CONVERSION = YES;
				GCC_WARN_ABOUT_RETURN_TYPE = YES_ERROR;
				GCC_WARN_UNDECLARED_SELECTOR = YES;
				GCC_WARN_UNINITIALIZED_AUTOS = YES_AGGRESSIVE;
				GCC_WARN_UNUSED_FUNCTION = YES;
				GCC_WARN_UNUSED_VARIABLE = YES;
				MACOSX_DEPLOYMENT_TARGET = 10.13;
				MTL_ENABLE_DEBUG_INFO = NO;
				SDKROOT = macosx;
			};
			name = Release;
		};
		7A1314FF208BB1E300CA0477 /* Debug */ = {
			isa = XCBuildConfiguration;
			buildSettings = {
				CODE_SIGN_STYLE = Automatic;
				PRODUCT_NAME = "$(TARGET_NAME)";
			};
			name = Debug;
		};
		7A131500208BB1E300CA0477 /* Release */ = {
			isa = XCBuildConfiguration;
			buildSettings = {
				CODE_SIGN_STYLE = Automatic;
				PRODUCT_NAME = "$(TARGET_NAME)";
			};
			name = Release;
		};
/* End XCBuildConfiguration section */

/* Begin XCConfigurationList section */
		7A1314F2208BB1E300CA0477 /* Build configuration list for PBXProject "USU Walk Cleaning Problem" */ = {
			isa = XCConfigurationList;
			buildConfigurations = (
				7A1314FC208BB1E300CA0477 /* Debug */,
				7A1314FD208BB1E300CA0477 /* Release */,
			);
			defaultConfigurationIsVisible = 0;
			defaultConfigurationName = Release;
		};
		7A1314FE208BB1E300CA0477 /* Build configuration list for PBXNativeTarget "USU Walk Cleaning Problem" */ = {
			isa = XCConfigurationList;
			buildConfigurations = (
				7A1314FF208BB1E300CA0477 /* Debug */,
				7A131500208BB1E300CA0477 /* Release */,
			);
			defaultConfigurationIsVisible = 0;
			defaultConfigurationName = Release;
		};
/* End XCConfigurationList section */
	};
	rootObject = 7A1314EF208BB1E300CA0477 /* Project object */;
}
